
Microsoft Visual Studio Solution File, Format Version 12.00
# Visual Studio 15
VisualStudioVersion = 15.0.27428.2037
MinimumVisualStudioVersion = 10.0.40219.1
Project("{FAE04EC0-301F-11D3-BF4B-00C04F79EFBC}") = "OtherCalc", "OtherCalc\OtherCalc.csproj", "{6747B413-5F63-4341-AAA0-2E2E7186D244}"
EndProject
Global
	GlobalSection(SolutionConfigurationPlatforms) = preSolution
		Debug|Any CPU = Debug|Any CPU
		Release|Any CPU = Release|Any CPU
	EndGlobalSection
	GlobalSection(ProjectConfigurationPlatforms) = postSolution
		{6747B413-5F63-4341-AAA0-2E2E7186D244}.Debug|Any CPU.ActiveCfg = Debug|Any CPU
		{6747B413-5F63-4341-AAA0-2E2E7186D244}.Debug|Any CPU.Build.0 = Debug|Any CPU
		{6747B413-5F63-4341-AAA0-2E2E7186D244}.Release|Any CPU.ActiveCfg = Release|Any CPU
		{6747B413-5F63-4341-AAA0-2E2E7186D244}.Release|Any CPU.Build.0 = Release|Any CPU
	EndGlobalSection
	GlobalSection(SolutionProperties) = preSolution
		HideSolutionNode = FALSE
	EndGlobalSection
	GlobalSection(ExtensibilityGlobals) = postSolution
		SolutionGuid = {828B86B2-BF09-4052-AF13-D51AE2E3207B}
	EndGlobalSection
EndGlobal
