
Microsoft Visual Studio Solution File, Format Version 12.00
# Visual Studio 15
VisualStudioVersion = 15.0.27130.2036
MinimumVisualStudioVersion = 10.0.40219.1
Project("{FAE04EC0-301F-11D3-BF4B-00C04F79EFBC}") = "Practice06-Calc", "Practice06-Calc\Practice06-Calc.csproj", "{2A3EBAD2-2A70-422B-B0BE-40857B4948A4}"
EndProject
Global
	GlobalSection(SolutionConfigurationPlatforms) = preSolution
		Debug|Any CPU = Debug|Any CPU
		Release|Any CPU = Release|Any CPU
	EndGlobalSection
	GlobalSection(ProjectConfigurationPlatforms) = postSolution
		{2A3EBAD2-2A70-422B-B0BE-40857B4948A4}.Debug|Any CPU.ActiveCfg = Debug|Any CPU
		{2A3EBAD2-2A70-422B-B0BE-40857B4948A4}.Debug|Any CPU.Build.0 = Debug|Any CPU
		{2A3EBAD2-2A70-422B-B0BE-40857B4948A4}.Release|Any CPU.ActiveCfg = Release|Any CPU
		{2A3EBAD2-2A70-422B-B0BE-40857B4948A4}.Release|Any CPU.Build.0 = Release|Any CPU
	EndGlobalSection
	GlobalSection(SolutionProperties) = preSolution
		HideSolutionNode = FALSE
	EndGlobalSection
	GlobalSection(ExtensibilityGlobals) = postSolution
		SolutionGuid = {C24CEAE7-A901-4DCA-B126-7A47E0D74194}
	EndGlobalSection
EndGlobal
