
Microsoft Visual Studio Solution File, Format Version 12.00
# Visual Studio 14
VisualStudioVersion = 14.0.25420.1
MinimumVisualStudioVersion = 10.0.40219.1
Project("{FAE04EC0-301F-11D3-BF4B-00C04F79EFBC}") = "Practice001", "Practice001\Practice001.csproj", "{89DD0878-9EBC-4E2E-BC4B-3201C4011CDC}"
EndProject
Global
	GlobalSection(SolutionConfigurationPlatforms) = preSolution
		Debug|Any CPU = Debug|Any CPU
		Release|Any CPU = Release|Any CPU
	EndGlobalSection
	GlobalSection(ProjectConfigurationPlatforms) = postSolution
		{89DD0878-9EBC-4E2E-BC4B-3201C4011CDC}.Debug|Any CPU.ActiveCfg = Debug|Any CPU
		{89DD0878-9EBC-4E2E-BC4B-3201C4011CDC}.Debug|Any CPU.Build.0 = Debug|Any CPU
		{89DD0878-9EBC-4E2E-BC4B-3201C4011CDC}.Release|Any CPU.ActiveCfg = Release|Any CPU
		{89DD0878-9EBC-4E2E-BC4B-3201C4011CDC}.Release|Any CPU.Build.0 = Release|Any CPU
	EndGlobalSection
	GlobalSection(SolutionProperties) = preSolution
		HideSolutionNode = FALSE
	EndGlobalSection
EndGlobal
