
Microsoft Visual Studio Solution File, Format Version 12.00
# Visual Studio 15
VisualStudioVersion = 15.0.27130.2027
MinimumVisualStudioVersion = 10.0.40219.1
Project("{FAE04EC0-301F-11D3-BF4B-00C04F79EFBC}") = "HomeWork", "HW01\HomeWork.csproj", "{E46903F7-79C9-453B-94D5-ACF35B0C619C}"
EndProject
Global
	GlobalSection(SolutionConfigurationPlatforms) = preSolution
		Debug|Any CPU = Debug|Any CPU
		Release|Any CPU = Release|Any CPU
	EndGlobalSection
	GlobalSection(ProjectConfigurationPlatforms) = postSolution
		{E46903F7-79C9-453B-94D5-ACF35B0C619C}.Debug|Any CPU.ActiveCfg = Debug|Any CPU
		{E46903F7-79C9-453B-94D5-ACF35B0C619C}.Debug|Any CPU.Build.0 = Debug|Any CPU
		{E46903F7-79C9-453B-94D5-ACF35B0C619C}.Release|Any CPU.ActiveCfg = Release|Any CPU
		{E46903F7-79C9-453B-94D5-ACF35B0C619C}.Release|Any CPU.Build.0 = Release|Any CPU
	EndGlobalSection
	GlobalSection(SolutionProperties) = preSolution
		HideSolutionNode = FALSE
	EndGlobalSection
	GlobalSection(ExtensibilityGlobals) = postSolution
		SolutionGuid = {86E3151B-8E83-40AC-B728-16BFEF5E45A3}
	EndGlobalSection
EndGlobal
